// !$*UTF8*$!
{
	archiveVersion = 1;
	classes = {
	};
	objectVersion = 55;
	objects = {

/* Begin PBXBuildFile section */
		9E19D69628C16B3F00DD949C /* AppDelegate.swift in Sources */ = {isa = PBXBuildFile; fileRef = 9E19D69528C16B3F00DD949C /* AppDelegate.swift */; };
		9E19D69828C16B3F00DD949C /* SceneDelegate.swift in Sources */ = {isa = PBXBuildFile; fileRef = 9E19D69728C16B3F00DD949C /* SceneDelegate.swift */; };
		9E19D69A28C16B3F00DD949C /* ViewController.swift in Sources */ = {isa = PBXBuildFile; fileRef = 9E19D69928C16B3F00DD949C /* ViewController.swift */; };
		9E19D69D28C16B3F00DD949C /* Main.storyboard in Resources */ = {isa = PBXBuildFile; fileRef = 9E19D69B28C16B3F00DD949C /* Main.storyboard */; };
		9E19D69F28C16B4000DD949C /* Assets.xcassets in Resources */ = {isa = PBXBuildFile; fileRef = 9E19D69E28C16B4000DD949C /* Assets.xcassets */; };
		9E19D6A228C16B4000DD949C /* LaunchScreen.storyboard in Resources */ = {isa = PBXBuildFile; fileRef = 9E19D6A028C16B4000DD949C /* LaunchScreen.storyboard */; };
		9E19D6AA28C16B6D00DD949C /* MainViewController.swift in Sources */ = {isa = PBXBuildFile; fileRef = 9E19D6A928C16B6D00DD949C /* MainViewController.swift */; };
		9E19D6AD28C16BC600DD949C /* MainView.swift in Sources */ = {isa = PBXBuildFile; fileRef = 9E19D6AC28C16BC600DD949C /* MainView.swift */; };
		9E19D6B028C16BD100DD949C /* BaseView.swift in Sources */ = {isa = PBXBuildFile; fileRef = 9E19D6AF28C16BD100DD949C /* BaseView.swift */; };
		9E19D6B228C16BDB00DD949C /* BaseViewController.swift in Sources */ = {isa = PBXBuildFile; fileRef = 9E19D6B128C16BDB00DD949C /* BaseViewController.swift */; };
		9E19D6B528C16E9C00DD949C /* Kingfisher in Frameworks */ = {isa = PBXBuildFile; productRef = 9E19D6B428C16E9C00DD949C /* Kingfisher */; };
		9E19D6B828C16EAD00DD949C /* SnapKit in Frameworks */ = {isa = PBXBuildFile; productRef = 9E19D6B728C16EAD00DD949C /* SnapKit */; };
		9E19D6BB28C16ED500DD949C /* Realm in Frameworks */ = {isa = PBXBuildFile; productRef = 9E19D6BA28C16ED500DD949C /* Realm */; };
		9E19D6BD28C16ED500DD949C /* RealmSwift in Frameworks */ = {isa = PBXBuildFile; productRef = 9E19D6BC28C16ED500DD949C /* RealmSwift */; };
		9E19D6C028C16EF500DD949C /* Alamofire in Frameworks */ = {isa = PBXBuildFile; productRef = 9E19D6BF28C16EF500DD949C /* Alamofire */; };
		9E19D6C428C2062200DD949C /* MainTableViewCell.swift in Sources */ = {isa = PBXBuildFile; fileRef = 9E19D6C328C2062200DD949C /* MainTableViewCell.swift */; };
		9E19D6C628C2104500DD949C /* ReusableProtocol.swift in Sources */ = {isa = PBXBuildFile; fileRef = 9E19D6C528C2104500DD949C /* ReusableProtocol.swift */; };
		9E3A6DB728C48EA600ED02E9 /* realmModel.swift in Sources */ = {isa = PBXBuildFile; fileRef = 9E3A6DB628C48EA600ED02E9 /* realmModel.swift */; };
		9E3A6DBA28C4901F00ED02E9 /* WriteViewController.swift in Sources */ = {isa = PBXBuildFile; fileRef = 9E3A6DB928C4901F00ED02E9 /* WriteViewController.swift */; };
		9E3A6DBC28C4902C00ED02E9 /* WriteView.swift in Sources */ = {isa = PBXBuildFile; fileRef = 9E3A6DBB28C4902C00ED02E9 /* WriteView.swift */; };
		9E3A6DBE28C4B0AA00ED02E9 /* RealmRepository.swift in Sources */ = {isa = PBXBuildFile; fileRef = 9E3A6DBD28C4B0AA00ED02E9 /* RealmRepository.swift */; };
/* End PBXBuildFile section */

/* Begin PBXFileReference section */
		9E19D69228C16B3F00DD949C /* MemoApp.app */ = {isa = PBXFileReference; explicitFileType = wrapper.application; includeInIndex = 0; path = MemoApp.app; sourceTree = BUILT_PRODUCTS_DIR; };
		9E19D69528C16B3F00DD949C /* AppDelegate.swift */ = {isa = PBXFileReference; lastKnownFileType = sourcecode.swift; path = AppDelegate.swift; sourceTree = "<group>"; };
		9E19D69728C16B3F00DD949C /* SceneDelegate.swift */ = {isa = PBXFileReference; lastKnownFileType = sourcecode.swift; path = SceneDelegate.swift; sourceTree = "<group>"; };
		9E19D69928C16B3F00DD949C /* ViewController.swift */ = {isa = PBXFileReference; lastKnownFileType = sourcecode.swift; path = ViewController.swift; sourceTree = "<group>"; };
		9E19D69C28C16B3F00DD949C /* Base */ = {isa = PBXFileReference; lastKnownFileType = file.storyboard; name = Base; path = Base.lproj/Main.storyboard; sourceTree = "<group>"; };
		9E19D69E28C16B4000DD949C /* Assets.xcassets */ = {isa = PBXFileReference; lastKnownFileType = folder.assetcatalog; path = Assets.xcassets; sourceTree = "<group>"; };
		9E19D6A128C16B4000DD949C /* Base */ = {isa = PBXFileReference; lastKnownFileType = file.storyboard; name = Base; path = Base.lproj/LaunchScreen.storyboard; sourceTree = "<group>"; };
		9E19D6A328C16B4000DD949C /* Info.plist */ = {isa = PBXFileReference; lastKnownFileType = text.plist.xml; path = Info.plist; sourceTree = "<group>"; };
		9E19D6A928C16B6D00DD949C /* MainViewController.swift */ = {isa = PBXFileReference; lastKnownFileType = sourcecode.swift; path = MainViewController.swift; sourceTree = "<group>"; };
		9E19D6AC28C16BC600DD949C /* MainView.swift */ = {isa = PBXFileReference; lastKnownFileType = sourcecode.swift; path = MainView.swift; sourceTree = "<group>"; };
		9E19D6AF28C16BD100DD949C /* BaseView.swift */ = {isa = PBXFileReference; lastKnownFileType = sourcecode.swift; path = BaseView.swift; sourceTree = "<group>"; };
		9E19D6B128C16BDB00DD949C /* BaseViewController.swift */ = {isa = PBXFileReference; lastKnownFileType = sourcecode.swift; path = BaseViewController.swift; sourceTree = "<group>"; };
		9E19D6C328C2062200DD949C /* MainTableViewCell.swift */ = {isa = PBXFileReference; lastKnownFileType = sourcecode.swift; path = MainTableViewCell.swift; sourceTree = "<group>"; };
		9E19D6C528C2104500DD949C /* ReusableProtocol.swift */ = {isa = PBXFileReference; lastKnownFileType = sourcecode.swift; path = ReusableProtocol.swift; sourceTree = "<group>"; };
		9E3A6DB628C48EA600ED02E9 /* realmModel.swift */ = {isa = PBXFileReference; lastKnownFileType = sourcecode.swift; path = realmModel.swift; sourceTree = "<group>"; };
		9E3A6DB928C4901F00ED02E9 /* WriteViewController.swift */ = {isa = PBXFileReference; lastKnownFileType = sourcecode.swift; path = WriteViewController.swift; sourceTree = "<group>"; };
		9E3A6DBB28C4902C00ED02E9 /* WriteView.swift */ = {isa = PBXFileReference; lastKnownFileType = sourcecode.swift; path = WriteView.swift; sourceTree = "<group>"; };
		9E3A6DBD28C4B0AA00ED02E9 /* RealmRepository.swift */ = {isa = PBXFileReference; lastKnownFileType = sourcecode.swift; path = RealmRepository.swift; sourceTree = "<group>"; };
/* End PBXFileReference section */

/* Begin PBXFrameworksBuildPhase section */
		9E19D68F28C16B3F00DD949C /* Frameworks */ = {
			isa = PBXFrameworksBuildPhase;
			buildActionMask = 2147483647;
			files = (
				9E19D6C028C16EF500DD949C /* Alamofire in Frameworks */,
				9E19D6BD28C16ED500DD949C /* RealmSwift in Frameworks */,
				9E19D6BB28C16ED500DD949C /* Realm in Frameworks */,
				9E19D6B528C16E9C00DD949C /* Kingfisher in Frameworks */,
				9E19D6B828C16EAD00DD949C /* SnapKit in Frameworks */,
			);
			runOnlyForDeploymentPostprocessing = 0;
		};
/* End PBXFrameworksBuildPhase section */

/* Begin PBXGroup section */
		9E19D68928C16B3F00DD949C = {
			isa = PBXGroup;
			children = (
				9E19D69428C16B3F00DD949C /* MemoApp */,
				9E19D69328C16B3F00DD949C /* Products */,
			);
			sourceTree = "<group>";
		};
		9E19D69328C16B3F00DD949C /* Products */ = {
			isa = PBXGroup;
			children = (
				9E19D69228C16B3F00DD949C /* MemoApp.app */,
			);
			name = Products;
			sourceTree = "<group>";
		};
		9E19D69428C16B3F00DD949C /* MemoApp */ = {
			isa = PBXGroup;
			children = (
				9E3A6DBF28C4B1AB00ED02E9 /* Realm */,
				9E3A6DB828C48FC800ED02E9 /* Write */,
				9E19D6AE28C16BC900DD949C /* Base */,
				9E19D6AB28C16B7E00DD949C /* Main */,
				9E19D69528C16B3F00DD949C /* AppDelegate.swift */,
				9E19D69728C16B3F00DD949C /* SceneDelegate.swift */,
				9E19D69928C16B3F00DD949C /* ViewController.swift */,
				9E19D69E28C16B4000DD949C /* Assets.xcassets */,
				9E19D6A028C16B4000DD949C /* LaunchScreen.storyboard */,
				9E19D6A328C16B4000DD949C /* Info.plist */,
				9E19D6C528C2104500DD949C /* ReusableProtocol.swift */,
			);
			path = MemoApp;
			sourceTree = "<group>";
		};
		9E19D6AB28C16B7E00DD949C /* Main */ = {
			isa = PBXGroup;
			children = (
				9E19D69B28C16B3F00DD949C /* Main.storyboard */,
				9E19D6A928C16B6D00DD949C /* MainViewController.swift */,
				9E19D6AC28C16BC600DD949C /* MainView.swift */,
				9E19D6C328C2062200DD949C /* MainTableViewCell.swift */,
			);
			path = Main;
			sourceTree = "<group>";
		};
		9E19D6AE28C16BC900DD949C /* Base */ = {
			isa = PBXGroup;
			children = (
				9E19D6AF28C16BD100DD949C /* BaseView.swift */,
				9E19D6B128C16BDB00DD949C /* BaseViewController.swift */,
			);
			path = Base;
			sourceTree = "<group>";
		};
		9E3A6DB828C48FC800ED02E9 /* Write */ = {
			isa = PBXGroup;
			children = (
				9E3A6DB928C4901F00ED02E9 /* WriteViewController.swift */,
				9E3A6DBB28C4902C00ED02E9 /* WriteView.swift */,
			);
			path = Write;
			sourceTree = "<group>";
		};
		9E3A6DBF28C4B1AB00ED02E9 /* Realm */ = {
			isa = PBXGroup;
			children = (
				9E3A6DBD28C4B0AA00ED02E9 /* RealmRepository.swift */,
				9E3A6DB628C48EA600ED02E9 /* realmModel.swift */,
			);
			path = Realm;
			sourceTree = "<group>";
		};
/* End PBXGroup section */

/* Begin PBXNativeTarget section */
		9E19D69128C16B3F00DD949C /* MemoApp */ = {
			isa = PBXNativeTarget;
			buildConfigurationList = 9E19D6A628C16B4000DD949C /* Build configuration list for PBXNativeTarget "MemoApp" */;
			buildPhases = (
				9E19D68E28C16B3F00DD949C /* Sources */,
				9E19D68F28C16B3F00DD949C /* Frameworks */,
				9E19D69028C16B3F00DD949C /* Resources */,
			);
			buildRules = (
			);
			dependencies = (
			);
			name = MemoApp;
			packageProductDependencies = (
				9E19D6B428C16E9C00DD949C /* Kingfisher */,
				9E19D6B728C16EAD00DD949C /* SnapKit */,
				9E19D6BA28C16ED500DD949C /* Realm */,
				9E19D6BC28C16ED500DD949C /* RealmSwift */,
				9E19D6BF28C16EF500DD949C /* Alamofire */,
			);
			productName = MemoApp;
			productReference = 9E19D69228C16B3F00DD949C /* MemoApp.app */;
			productType = "com.apple.product-type.application";
		};
/* End PBXNativeTarget section */

/* Begin PBXProject section */
		9E19D68A28C16B3F00DD949C /* Project object */ = {
			isa = PBXProject;
			attributes = {
				BuildIndependentTargetsInParallel = 1;
				LastSwiftUpdateCheck = 1340;
				LastUpgradeCheck = 1340;
				TargetAttributes = {
					9E19D69128C16B3F00DD949C = {
						CreatedOnToolsVersion = 13.4.1;
					};
				};
			};
			buildConfigurationList = 9E19D68D28C16B3F00DD949C /* Build configuration list for PBXProject "MemoApp" */;
			compatibilityVersion = "Xcode 13.0";
			developmentRegion = en;
			hasScannedForEncodings = 0;
			knownRegions = (
				en,
				Base,
			);
			mainGroup = 9E19D68928C16B3F00DD949C;
			packageReferences = (
				9E19D6B328C16E9B00DD949C /* XCRemoteSwiftPackageReference "Kingfisher" */,
				9E19D6B628C16EAC00DD949C /* XCRemoteSwiftPackageReference "SnapKit" */,
				9E19D6B928C16ED500DD949C /* XCRemoteSwiftPackageReference "realm-swift" */,
				9E19D6BE28C16EF500DD949C /* XCRemoteSwiftPackageReference "Alamofire" */,
			);
			productRefGroup = 9E19D69328C16B3F00DD949C /* Products */;
			projectDirPath = "";
			projectRoot = "";
			targets = (
				9E19D69128C16B3F00DD949C /* MemoApp */,
			);
		};
/* End PBXProject section */

/* Begin PBXResourcesBuildPhase section */
		9E19D69028C16B3F00DD949C /* Resources */ = {
			isa = PBXResourcesBuildPhase;
			buildActionMask = 2147483647;
			files = (
				9E19D6A228C16B4000DD949C /* LaunchScreen.storyboard in Resources */,
				9E19D69F28C16B4000DD949C /* Assets.xcassets in Resources */,
				9E19D69D28C16B3F00DD949C /* Main.storyboard in Resources */,
			);
			runOnlyForDeploymentPostprocessing = 0;
		};
/* End PBXResourcesBuildPhase section */

/* Begin PBXSourcesBuildPhase section */
		9E19D68E28C16B3F00DD949C /* Sources */ = {
			isa = PBXSourcesBuildPhase;
			buildActionMask = 2147483647;
			files = (
				9E19D69A28C16B3F00DD949C /* ViewController.swift in Sources */,
				9E3A6DBA28C4901F00ED02E9 /* WriteViewController.swift in Sources */,
				9E19D69628C16B3F00DD949C /* AppDelegate.swift in Sources */,
				9E19D6C428C2062200DD949C /* MainTableViewCell.swift in Sources */,
				9E3A6DB728C48EA600ED02E9 /* realmModel.swift in Sources */,
				9E19D69828C16B3F00DD949C /* SceneDelegate.swift in Sources */,
				9E19D6B028C16BD100DD949C /* BaseView.swift in Sources */,
				9E19D6AD28C16BC600DD949C /* MainView.swift in Sources */,
				9E3A6DBE28C4B0AA00ED02E9 /* RealmRepository.swift in Sources */,
				9E3A6DBC28C4902C00ED02E9 /* WriteView.swift in Sources */,
				9E19D6B228C16BDB00DD949C /* BaseViewController.swift in Sources */,
				9E19D6AA28C16B6D00DD949C /* MainViewController.swift in Sources */,
				9E19D6C628C2104500DD949C /* ReusableProtocol.swift in Sources */,
			);
			runOnlyForDeploymentPostprocessing = 0;
		};
/* End PBXSourcesBuildPhase section */

/* Begin PBXVariantGroup section */
		9E19D69B28C16B3F00DD949C /* Main.storyboard */ = {
			isa = PBXVariantGroup;
			children = (
				9E19D69C28C16B3F00DD949C /* Base */,
			);
			name = Main.storyboard;
			sourceTree = "<group>";
		};
		9E19D6A028C16B4000DD949C /* LaunchScreen.storyboard */ = {
			isa = PBXVariantGroup;
			children = (
				9E19D6A128C16B4000DD949C /* Base */,
			);
			name = LaunchScreen.storyboard;
			sourceTree = "<group>";
		};
/* End PBXVariantGroup section */

/* Begin XCBuildConfiguration section */
		9E19D6A428C16B4000DD949C /* Debug */ = {
			isa = XCBuildConfiguration;
			buildSettings = {
				ALWAYS_SEARCH_USER_PATHS = NO;
				CLANG_ANALYZER_NONNULL = YES;
				CLANG_ANALYZER_NUMBER_OBJECT_CONVERSION = YES_AGGRESSIVE;
				CLANG_CXX_LANGUAGE_STANDARD = "gnu++17";
				CLANG_ENABLE_MODULES = YES;
				CLANG_ENABLE_OBJC_ARC = YES;
				CLANG_ENABLE_OBJC_WEAK = YES;
				CLANG_WARN_BLOCK_CAPTURE_AUTORELEASING = YES;
				CLANG_WARN_BOOL_CONVERSION = YES;
				CLANG_WARN_COMMA = YES;
				CLANG_WARN_CONSTANT_CONVERSION = YES;
				CLANG_WARN_DEPRECATED_OBJC_IMPLEMENTATIONS = YES;
				CLANG_WARN_DIRECT_OBJC_ISA_USAGE = YES_ERROR;
				CLANG_WARN_DOCUMENTATION_COMMENTS = YES;
				CLANG_WARN_EMPTY_BODY = YES;
				CLANG_WARN_ENUM_CONVERSION = YES;
				CLANG_WARN_INFINITE_RECURSION = YES;
				CLANG_WARN_INT_CONVERSION = YES;
				CLANG_WARN_NON_LITERAL_NULL_CONVERSION = YES;
				CLANG_WARN_OBJC_IMPLICIT_RETAIN_SELF = YES;
				CLANG_WARN_OBJC_LITERAL_CONVERSION = YES;
				CLANG_WARN_OBJC_ROOT_CLASS = YES_ERROR;
				CLANG_WARN_QUOTED_INCLUDE_IN_FRAMEWORK_HEADER = YES;
				CLANG_WARN_RANGE_LOOP_ANALYSIS = YES;
				CLANG_WARN_STRICT_PROTOTYPES = YES;
				CLANG_WARN_SUSPICIOUS_MOVE = YES;
				CLANG_WARN_UNGUARDED_AVAILABILITY = YES_AGGRESSIVE;
				CLANG_WARN_UNREACHABLE_CODE = YES;
				CLANG_WARN__DUPLICATE_METHOD_MATCH = YES;
				COPY_PHASE_STRIP = NO;
				DEBUG_INFORMATION_FORMAT = dwarf;
				ENABLE_STRICT_OBJC_MSGSEND = YES;
				ENABLE_TESTABILITY = YES;
				GCC_C_LANGUAGE_STANDARD = gnu11;
				GCC_DYNAMIC_NO_PIC = NO;
				GCC_NO_COMMON_BLOCKS = YES;
				GCC_OPTIMIZATION_LEVEL = 0;
				GCC_PREPROCESSOR_DEFINITIONS = (
					"DEBUG=1",
					"$(inherited)",
				);
				GCC_WARN_64_TO_32_BIT_CONVERSION = YES;
				GCC_WARN_ABOUT_RETURN_TYPE = YES_ERROR;
				GCC_WARN_UNDECLARED_SELECTOR = YES;
				GCC_WARN_UNINITIALIZED_AUTOS = YES_AGGRESSIVE;
				GCC_WARN_UNUSED_FUNCTION = YES;
				GCC_WARN_UNUSED_VARIABLE = YES;
				IPHONEOS_DEPLOYMENT_TARGET = 15.5;
				MTL_ENABLE_DEBUG_INFO = INCLUDE_SOURCE;
				MTL_FAST_MATH = YES;
				ONLY_ACTIVE_ARCH = YES;
				SDKROOT = iphoneos;
				SWIFT_ACTIVE_COMPILATION_CONDITIONS = DEBUG;
				SWIFT_OPTIMIZATION_LEVEL = "-Onone";
			};
			name = Debug;
		};
		9E19D6A528C16B4000DD949C /* Release */ = {
			isa = XCBuildConfiguration;
			buildSettings = {
				ALWAYS_SEARCH_USER_PATHS = NO;
				CLANG_ANALYZER_NONNULL = YES;
				CLANG_ANALYZER_NUMBER_OBJECT_CONVERSION = YES_AGGRESSIVE;
				CLANG_CXX_LANGUAGE_STANDARD = "gnu++17";
				CLANG_ENABLE_MODULES = YES;
				CLANG_ENABLE_OBJC_ARC = YES;
				CLANG_ENABLE_OBJC_WEAK = YES;
				CLANG_WARN_BLOCK_CAPTURE_AUTORELEASING = YES;
				CLANG_WARN_BOOL_CONVERSION = YES;
				CLANG_WARN_COMMA = YES;
				CLANG_WARN_CONSTANT_CONVERSION = YES;
				CLANG_WARN_DEPRECATED_OBJC_IMPLEMENTATIONS = YES;
				CLANG_WARN_DIRECT_OBJC_ISA_USAGE = YES_ERROR;
				CLANG_WARN_DOCUMENTATION_COMMENTS = YES;
				CLANG_WARN_EMPTY_BODY = YES;
				CLANG_WARN_ENUM_CONVERSION = YES;
				CLANG_WARN_INFINITE_RECURSION = YES;
				CLANG_WARN_INT_CONVERSION = YES;
				CLANG_WARN_NON_LITERAL_NULL_CONVERSION = YES;
				CLANG_WARN_OBJC_IMPLICIT_RETAIN_SELF = YES;
				CLANG_WARN_OBJC_LITERAL_CONVERSION = YES;
				CLANG_WARN_OBJC_ROOT_CLASS = YES_ERROR;
				CLANG_WARN_QUOTED_INCLUDE_IN_FRAMEWORK_HEADER = YES;
				CLANG_WARN_RANGE_LOOP_ANALYSIS = YES;
				CLANG_WARN_STRICT_PROTOTYPES = YES;
				CLANG_WARN_SUSPICIOUS_MOVE = YES;
				CLANG_WARN_UNGUARDED_AVAILABILITY = YES_AGGRESSIVE;
				CLANG_WARN_UNREACHABLE_CODE = YES;
				CLANG_WARN__DUPLICATE_METHOD_MATCH = YES;
				COPY_PHASE_STRIP = NO;
				DEBUG_INFORMATION_FORMAT = "dwarf-with-dsym";
				ENABLE_NS_ASSERTIONS = NO;
				ENABLE_STRICT_OBJC_MSGSEND = YES;
				GCC_C_LANGUAGE_STANDARD = gnu11;
				GCC_NO_COMMON_BLOCKS = YES;
				GCC_WARN_64_TO_32_BIT_CONVERSION = YES;
				GCC_WARN_ABOUT_RETURN_TYPE = YES_ERROR;
				GCC_WARN_UNDECLARED_SELECTOR = YES;
				GCC_WARN_UNINITIALIZED_AUTOS = YES_AGGRESSIVE;
				GCC_WARN_UNUSED_FUNCTION = YES;
				GCC_WARN_UNUSED_VARIABLE = YES;
				IPHONEOS_DEPLOYMENT_TARGET = 15.5;
				MTL_ENABLE_DEBUG_INFO = NO;
				MTL_FAST_MATH = YES;
				SDKROOT = iphoneos;
				SWIFT_COMPILATION_MODE = wholemodule;
				SWIFT_OPTIMIZATION_LEVEL = "-O";
				VALIDATE_PRODUCT = YES;
			};
			name = Release;
		};
		9E19D6A728C16B4000DD949C /* Debug */ = {
			isa = XCBuildConfiguration;
			buildSettings = {
				ASSETCATALOG_COMPILER_APPICON_NAME = AppIcon;
				ASSETCATALOG_COMPILER_GLOBAL_ACCENT_COLOR_NAME = AccentColor;
				CODE_SIGN_STYLE = Automatic;
				CURRENT_PROJECT_VERSION = 1;
				DEVELOPMENT_TEAM = K27UK338MM;
				GENERATE_INFOPLIST_FILE = YES;
				INFOPLIST_FILE = MemoApp/Info.plist;
				INFOPLIST_KEY_UIApplicationSupportsIndirectInputEvents = YES;
				INFOPLIST_KEY_UILaunchStoryboardName = LaunchScreen;
				INFOPLIST_KEY_UIMainStoryboardFile = Main;
				INFOPLIST_KEY_UISupportedInterfaceOrientations_iPad = "UIInterfaceOrientationPortrait UIInterfaceOrientationPortraitUpsideDown UIInterfaceOrientationLandscapeLeft UIInterfaceOrientationLandscapeRight";
				INFOPLIST_KEY_UISupportedInterfaceOrientations_iPhone = "UIInterfaceOrientationPortrait UIInterfaceOrientationLandscapeLeft UIInterfaceOrientationLandscapeRight";
				IPHONEOS_DEPLOYMENT_TARGET = 13.0;
				LD_RUNPATH_SEARCH_PATHS = (
					"$(inherited)",
					"@executable_path/Frameworks",
				);
				MARKETING_VERSION = 1.0;
				PRODUCT_BUNDLE_IDENTIFIER = com.Anniekang.MemoApp;
				PRODUCT_NAME = "$(TARGET_NAME)";
				SWIFT_EMIT_LOC_STRINGS = YES;
				SWIFT_VERSION = 5.0;
				TARGETED_DEVICE_FAMILY = "1,2";
			};
			name = Debug;
		};
		9E19D6A828C16B4000DD949C /* Release */ = {
			isa = XCBuildConfiguration;
			buildSettings = {
				ASSETCATALOG_COMPILER_APPICON_NAME = AppIcon;
				ASSETCATALOG_COMPILER_GLOBAL_ACCENT_COLOR_NAME = AccentColor;
				CODE_SIGN_STYLE = Automatic;
				CURRENT_PROJECT_VERSION = 1;
				DEVELOPMENT_TEAM = K27UK338MM;
				GENERATE_INFOPLIST_FILE = YES;
				INFOPLIST_FILE = MemoApp/Info.plist;
				INFOPLIST_KEY_UIApplicationSupportsIndirectInputEvents = YES;
				INFOPLIST_KEY_UILaunchStoryboardName = LaunchScreen;
				INFOPLIST_KEY_UIMainStoryboardFile = Main;
				INFOPLIST_KEY_UISupportedInterfaceOrientations_iPad = "UIInterfaceOrientationPortrait UIInterfaceOrientationPortraitUpsideDown UIInterfaceOrientationLandscapeLeft UIInterfaceOrientationLandscapeRight";
				INFOPLIST_KEY_UISupportedInterfaceOrientations_iPhone = "UIInterfaceOrientationPortrait UIInterfaceOrientationLandscapeLeft UIInterfaceOrientationLandscapeRight";
				IPHONEOS_DEPLOYMENT_TARGET = 13.0;
				LD_RUNPATH_SEARCH_PATHS = (
					"$(inherited)",
					"@executable_path/Frameworks",
				);
				MARKETING_VERSION = 1.0;
				PRODUCT_BUNDLE_IDENTIFIER = com.Anniekang.MemoApp;
				PRODUCT_NAME = "$(TARGET_NAME)";
				SWIFT_EMIT_LOC_STRINGS = YES;
				SWIFT_VERSION = 5.0;
				TARGETED_DEVICE_FAMILY = "1,2";
			};
			name = Release;
		};
/* End XCBuildConfiguration section */

/* Begin XCConfigurationList section */
		9E19D68D28C16B3F00DD949C /* Build configuration list for PBXProject "MemoApp" */ = {
			isa = XCConfigurationList;
			buildConfigurations = (
				9E19D6A428C16B4000DD949C /* Debug */,
				9E19D6A528C16B4000DD949C /* Release */,
			);
			defaultConfigurationIsVisible = 0;
			defaultConfigurationName = Release;
		};
		9E19D6A628C16B4000DD949C /* Build configuration list for PBXNativeTarget "MemoApp" */ = {
			isa = XCConfigurationList;
			buildConfigurations = (
				9E19D6A728C16B4000DD949C /* Debug */,
				9E19D6A828C16B4000DD949C /* Release */,
			);
			defaultConfigurationIsVisible = 0;
			defaultConfigurationName = Release;
		};
/* End XCConfigurationList section */

/* Begin XCRemoteSwiftPackageReference section */
		9E19D6B328C16E9B00DD949C /* XCRemoteSwiftPackageReference "Kingfisher" */ = {
			isa = XCRemoteSwiftPackageReference;
			repositoryURL = "https://github.com/onevcat/Kingfisher.git";
			requirement = {
				branch = master;
				kind = branch;
			};
		};
		9E19D6B628C16EAC00DD949C /* XCRemoteSwiftPackageReference "SnapKit" */ = {
			isa = XCRemoteSwiftPackageReference;
			repositoryURL = "https://github.com/SnapKit/SnapKit.git";
			requirement = {
				kind = upToNextMajorVersion;
				minimumVersion = 5.0.0;
			};
		};
		9E19D6B928C16ED500DD949C /* XCRemoteSwiftPackageReference "realm-swift" */ = {
			isa = XCRemoteSwiftPackageReference;
			repositoryURL = "https://github.com/realm/realm-swift.git";
			requirement = {
				kind = upToNextMajorVersion;
				minimumVersion = 10.0.0;
			};
		};
		9E19D6BE28C16EF500DD949C /* XCRemoteSwiftPackageReference "Alamofire" */ = {
			isa = XCRemoteSwiftPackageReference;
			repositoryURL = "https://github.com/Alamofire/Alamofire.git";
			requirement = {
				kind = upToNextMajorVersion;
				minimumVersion = 5.0.0;
			};
		};
/* End XCRemoteSwiftPackageReference section */

/* Begin XCSwiftPackageProductDependency section */
		9E19D6B428C16E9C00DD949C /* Kingfisher */ = {
			isa = XCSwiftPackageProductDependency;
			package = 9E19D6B328C16E9B00DD949C /* XCRemoteSwiftPackageReference "Kingfisher" */;
			productName = Kingfisher;
		};
		9E19D6B728C16EAD00DD949C /* SnapKit */ = {
			isa = XCSwiftPackageProductDependency;
			package = 9E19D6B628C16EAC00DD949C /* XCRemoteSwiftPackageReference "SnapKit" */;
			productName = SnapKit;
		};
		9E19D6BA28C16ED500DD949C /* Realm */ = {
			isa = XCSwiftPackageProductDependency;
			package = 9E19D6B928C16ED500DD949C /* XCRemoteSwiftPackageReference "realm-swift" */;
			productName = Realm;
		};
		9E19D6BC28C16ED500DD949C /* RealmSwift */ = {
			isa = XCSwiftPackageProductDependency;
			package = 9E19D6B928C16ED500DD949C /* XCRemoteSwiftPackageReference "realm-swift" */;
			productName = RealmSwift;
		};
		9E19D6BF28C16EF500DD949C /* Alamofire */ = {
			isa = XCSwiftPackageProductDependency;
			package = 9E19D6BE28C16EF500DD949C /* XCRemoteSwiftPackageReference "Alamofire" */;
			productName = Alamofire;
		};
/* End XCSwiftPackageProductDependency section */
	};
	rootObject = 9E19D68A28C16B3F00DD949C /* Project object */;
}
